
Microsoft Visual Studio Solution File, Format Version 12.00
# Visual Studio Version 16
VisualStudioVersion = 16.0.29728.190
MinimumVisualStudioVersion = 10.0.40219.1
Project("{9A19103F-16F7-4668-BE54-9A1E7A4F7556}") = "WebAPIPagosTUYA", "WebAPIPagosTUYA.csproj", "{4FA32084-8D9C-4328-853E-B3CA8E5B9D54}"
EndProject
Project("{9A19103F-16F7-4668-BE54-9A1E7A4F7556}") = "WebAPIPagosTUYA.Entities", "..\WebAPIPagosTUYA.Entities\WebAPIPagosTUYA.Entities.csproj", "{BC47DD62-C448-463F-909C-8BB92F818D0A}"
EndProject
Project("{9A19103F-16F7-4668-BE54-9A1E7A4F7556}") = "WebAPIPagosTUYA.Core", "..\WebAPIPagosTUYA.Core\WebAPIPagosTUYA.Core.csproj", "{45F509C2-9A46-4882-99C2-30E3508F3335}"
EndProject
Project("{FAE04EC0-301F-11D3-BF4B-00C04F79EFBC}") = "WebAPIPagosTUYA.Repositories", "..\WebAPIPagosTUYA.Repositories\WebAPIPagosTUYA.Repositories.csproj", "{723AEF4E-F60B-49B7-9577-3377631A6446}"
EndProject
Global
	GlobalSection(SolutionConfigurationPlatforms) = preSolution
		Debug|Any CPU = Debug|Any CPU
		Release|Any CPU = Release|Any CPU
	EndGlobalSection
	GlobalSection(ProjectConfigurationPlatforms) = postSolution
		{4FA32084-8D9C-4328-853E-B3CA8E5B9D54}.Debug|Any CPU.ActiveCfg = Debug|Any CPU
		{4FA32084-8D9C-4328-853E-B3CA8E5B9D54}.Debug|Any CPU.Build.0 = Debug|Any CPU
		{4FA32084-8D9C-4328-853E-B3CA8E5B9D54}.Release|Any CPU.ActiveCfg = Release|Any CPU
		{4FA32084-8D9C-4328-853E-B3CA8E5B9D54}.Release|Any CPU.Build.0 = Release|Any CPU
		{BC47DD62-C448-463F-909C-8BB92F818D0A}.Debug|Any CPU.ActiveCfg = Debug|Any CPU
		{BC47DD62-C448-463F-909C-8BB92F818D0A}.Debug|Any CPU.Build.0 = Debug|Any CPU
		{BC47DD62-C448-463F-909C-8BB92F818D0A}.Release|Any CPU.ActiveCfg = Release|Any CPU
		{BC47DD62-C448-463F-909C-8BB92F818D0A}.Release|Any CPU.Build.0 = Release|Any CPU
		{45F509C2-9A46-4882-99C2-30E3508F3335}.Debug|Any CPU.ActiveCfg = Debug|Any CPU
		{45F509C2-9A46-4882-99C2-30E3508F3335}.Debug|Any CPU.Build.0 = Debug|Any CPU
		{45F509C2-9A46-4882-99C2-30E3508F3335}.Release|Any CPU.ActiveCfg = Release|Any CPU
		{45F509C2-9A46-4882-99C2-30E3508F3335}.Release|Any CPU.Build.0 = Release|Any CPU
		{723AEF4E-F60B-49B7-9577-3377631A6446}.Debug|Any CPU.ActiveCfg = Debug|Any CPU
		{723AEF4E-F60B-49B7-9577-3377631A6446}.Debug|Any CPU.Build.0 = Debug|Any CPU
		{723AEF4E-F60B-49B7-9577-3377631A6446}.Release|Any CPU.ActiveCfg = Release|Any CPU
		{723AEF4E-F60B-49B7-9577-3377631A6446}.Release|Any CPU.Build.0 = Release|Any CPU
	EndGlobalSection
	GlobalSection(SolutionProperties) = preSolution
		HideSolutionNode = FALSE
	EndGlobalSection
	GlobalSection(ExtensibilityGlobals) = postSolution
		SolutionGuid = {FF5568F4-C179-414A-83B8-D8353CCDBD73}
	EndGlobalSection
EndGlobal
